
Microsoft Visual Studio Solution File, Format Version 12.00
# Visual Studio Version 16
VisualStudioVersion = 16.0.29905.134
MinimumVisualStudioVersion = 10.0.40219.1
Project("{FAE04EC0-301F-11D3-BF4B-00C04F79EFBC}") = "WpfCoronaTracker", "WpfCoronaTracker\WpfCoronaTracker.csproj", "{860622D1-F386-4084-BFB1-2B2E07E735DF}"
EndProject
Project("{FAE04EC0-301F-11D3-BF4B-00C04F79EFBC}") = "BECoronaTracker", "BECoronaTracker\BECoronaTracker.csproj", "{E252DEB2-B741-4E2E-9ECB-6617F69C9DC0}"
EndProject
Global
	GlobalSection(SolutionConfigurationPlatforms) = preSolution
		Debug|Any CPU = Debug|Any CPU
		Release|Any CPU = Release|Any CPU
	EndGlobalSection
	GlobalSection(ProjectConfigurationPlatforms) = postSolution
		{860622D1-F386-4084-BFB1-2B2E07E735DF}.Debug|Any CPU.ActiveCfg = Debug|Any CPU
		{860622D1-F386-4084-BFB1-2B2E07E735DF}.Debug|Any CPU.Build.0 = Debug|Any CPU
		{860622D1-F386-4084-BFB1-2B2E07E735DF}.Release|Any CPU.ActiveCfg = Release|Any CPU
		{860622D1-F386-4084-BFB1-2B2E07E735DF}.Release|Any CPU.Build.0 = Release|Any CPU
		{E252DEB2-B741-4E2E-9ECB-6617F69C9DC0}.Debug|Any CPU.ActiveCfg = Debug|Any CPU
		{E252DEB2-B741-4E2E-9ECB-6617F69C9DC0}.Debug|Any CPU.Build.0 = Debug|Any CPU
		{E252DEB2-B741-4E2E-9ECB-6617F69C9DC0}.Release|Any CPU.ActiveCfg = Release|Any CPU
		{E252DEB2-B741-4E2E-9ECB-6617F69C9DC0}.Release|Any CPU.Build.0 = Release|Any CPU
	EndGlobalSection
	GlobalSection(SolutionProperties) = preSolution
		HideSolutionNode = FALSE
	EndGlobalSection
	GlobalSection(ExtensibilityGlobals) = postSolution
		SolutionGuid = {2437E16D-98AA-4D20-A9D7-43347F50F0F2}
	EndGlobalSection
EndGlobal
